// !$*UTF8*$!
{
	archiveVersion = 1;
	classes = {
	};
	objectVersion = 50;
	objects = {

/* Begin PBXBuildFile section */
		92CCF72122DBD05F00192704 /* AppDelegate.swift in Sources */ = {isa = PBXBuildFile; fileRef = 92CCF72022DBD05F00192704 /* AppDelegate.swift */; };
		92CCF72322DBD05F00192704 /* ViewController.swift in Sources */ = {isa = PBXBuildFile; fileRef = 92CCF72222DBD05F00192704 /* ViewController.swift */; };
		92CCF72622DBD05F00192704 /* Main.storyboard in Resources */ = {isa = PBXBuildFile; fileRef = 92CCF72422DBD05F00192704 /* Main.storyboard */; };
		92CCF72822DBD06500192704 /* Assets.xcassets in Resources */ = {isa = PBXBuildFile; fileRef = 92CCF72722DBD06500192704 /* Assets.xcassets */; };
		92CCF72B22DBD06500192704 /* LaunchScreen.storyboard in Resources */ = {isa = PBXBuildFile; fileRef = 92CCF72922DBD06500192704 /* LaunchScreen.storyboard */; };
		92CCF73622DBD06500192704 /* FunFactsTests.swift in Sources */ = {isa = PBXBuildFile; fileRef = 92CCF73522DBD06500192704 /* FunFactsTests.swift */; };
		92CCF74122DBD06500192704 /* FunFactsUITests.swift in Sources */ = {isa = PBXBuildFile; fileRef = 92CCF74022DBD06500192704 /* FunFactsUITests.swift */; };
		92CCF74F22DBD91600192704 /* FactProvider.swift in Sources */ = {isa = PBXBuildFile; fileRef = 92CCF74E22DBD91600192704 /* FactProvider.swift */; };
/* End PBXBuildFile section */

/* Begin PBXContainerItemProxy section */
		92CCF73222DBD06500192704 /* PBXContainerItemProxy */ = {
			isa = PBXContainerItemProxy;
			containerPortal = 92CCF71522DBD05F00192704 /* Project object */;
			proxyType = 1;
			remoteGlobalIDString = 92CCF71C22DBD05F00192704;
			remoteInfo = FunFacts;
		};
		92CCF73D22DBD06500192704 /* PBXContainerItemProxy */ = {
			isa = PBXContainerItemProxy;
			containerPortal = 92CCF71522DBD05F00192704 /* Project object */;
			proxyType = 1;
			remoteGlobalIDString = 92CCF71C22DBD05F00192704;
			remoteInfo = FunFacts;
		};
/* End PBXContainerItemProxy section */

/* Begin PBXFileReference section */
		92CCF71D22DBD05F00192704 /* FunFacts.app */ = {isa = PBXFileReference; explicitFileType = wrapper.application; includeInIndex = 0; path = FunFacts.app; sourceTree = BUILT_PRODUCTS_DIR; };
		92CCF72022DBD05F00192704 /* AppDelegate.swift */ = {isa = PBXFileReference; lastKnownFileType = sourcecode.swift; path = AppDelegate.swift; sourceTree = "<group>"; };
		92CCF72222DBD05F00192704 /* ViewController.swift */ = {isa = PBXFileReference; lastKnownFileType = sourcecode.swift; path = ViewController.swift; sourceTree = "<group>"; };
		92CCF72522DBD05F00192704 /* Base */ = {isa = PBXFileReference; lastKnownFileType = file.storyboard; name = Base; path = Base.lproj/Main.storyboard; sourceTree = "<group>"; };
		92CCF72722DBD06500192704 /* Assets.xcassets */ = {isa = PBXFileReference; lastKnownFileType = folder.assetcatalog; path = Assets.xcassets; sourceTree = "<group>"; };
		92CCF72A22DBD06500192704 /* Base */ = {isa = PBXFileReference; lastKnownFileType = file.storyboard; name = Base; path = Base.lproj/LaunchScreen.storyboard; sourceTree = "<group>"; };
		92CCF72C22DBD06500192704 /* Info.plist */ = {isa = PBXFileReference; lastKnownFileType = text.plist.xml; path = Info.plist; sourceTree = "<group>"; };
		92CCF73122DBD06500192704 /* FunFactsTests.xctest */ = {isa = PBXFileReference; explicitFileType = wrapper.cfbundle; includeInIndex = 0; path = FunFactsTests.xctest; sourceTree = BUILT_PRODUCTS_DIR; };
		92CCF73522DBD06500192704 /* FunFactsTests.swift */ = {isa = PBXFileReference; lastKnownFileType = sourcecode.swift; path = FunFactsTests.swift; sourceTree = "<group>"; };
		92CCF73722DBD06500192704 /* Info.plist */ = {isa = PBXFileReference; lastKnownFileType = text.plist.xml; path = Info.plist; sourceTree = "<group>"; };
		92CCF73C22DBD06500192704 /* FunFactsUITests.xctest */ = {isa = PBXFileReference; explicitFileType = wrapper.cfbundle; includeInIndex = 0; path = FunFactsUITests.xctest; sourceTree = BUILT_PRODUCTS_DIR; };
		92CCF74022DBD06500192704 /* FunFactsUITests.swift */ = {isa = PBXFileReference; lastKnownFileType = sourcecode.swift; path = FunFactsUITests.swift; sourceTree = "<group>"; };
		92CCF74222DBD06500192704 /* Info.plist */ = {isa = PBXFileReference; lastKnownFileType = text.plist.xml; path = Info.plist; sourceTree = "<group>"; };
		92CCF74E22DBD91600192704 /* FactProvider.swift */ = {isa = PBXFileReference; lastKnownFileType = sourcecode.swift; path = FactProvider.swift; sourceTree = "<group>"; };
/* End PBXFileReference section */

/* Begin PBXFrameworksBuildPhase section */
		92CCF71A22DBD05F00192704 /* Frameworks */ = {
			isa = PBXFrameworksBuildPhase;
			buildActionMask = 2147483647;
			files = (
			);
			runOnlyForDeploymentPostprocessing = 0;
		};
		92CCF72E22DBD06500192704 /* Frameworks */ = {
			isa = PBXFrameworksBuildPhase;
			buildActionMask = 2147483647;
			files = (
			);
			runOnlyForDeploymentPostprocessing = 0;
		};
		92CCF73922DBD06500192704 /* Frameworks */ = {
			isa = PBXFrameworksBuildPhase;
			buildActionMask = 2147483647;
			files = (
			);
			runOnlyForDeploymentPostprocessing = 0;
		};
/* End PBXFrameworksBuildPhase section */

/* Begin PBXGroup section */
		92CCF71422DBD05F00192704 = {
			isa = PBXGroup;
			children = (
				92CCF71F22DBD05F00192704 /* FunFacts */,
				92CCF73422DBD06500192704 /* FunFactsTests */,
				92CCF73F22DBD06500192704 /* FunFactsUITests */,
				92CCF71E22DBD05F00192704 /* Products */,
			);
			sourceTree = "<group>";
		};
		92CCF71E22DBD05F00192704 /* Products */ = {
			isa = PBXGroup;
			children = (
				92CCF71D22DBD05F00192704 /* FunFacts.app */,
				92CCF73122DBD06500192704 /* FunFactsTests.xctest */,
				92CCF73C22DBD06500192704 /* FunFactsUITests.xctest */,
			);
			name = Products;
			sourceTree = "<group>";
		};
		92CCF71F22DBD05F00192704 /* FunFacts */ = {
			isa = PBXGroup;
			children = (
				92CCF72022DBD05F00192704 /* AppDelegate.swift */,
				92CCF72222DBD05F00192704 /* ViewController.swift */,
				92CCF72422DBD05F00192704 /* Main.storyboard */,
				92CCF72722DBD06500192704 /* Assets.xcassets */,
				92CCF72922DBD06500192704 /* LaunchScreen.storyboard */,
				92CCF72C22DBD06500192704 /* Info.plist */,
				92CCF74E22DBD91600192704 /* FactProvider.swift */,
			);
			path = FunFacts;
			sourceTree = "<group>";
		};
		92CCF73422DBD06500192704 /* FunFactsTests */ = {
			isa = PBXGroup;
			children = (
				92CCF73522DBD06500192704 /* FunFactsTests.swift */,
				92CCF73722DBD06500192704 /* Info.plist */,
			);
			path = FunFactsTests;
			sourceTree = "<group>";
		};
		92CCF73F22DBD06500192704 /* FunFactsUITests */ = {
			isa = PBXGroup;
			children = (
				92CCF74022DBD06500192704 /* FunFactsUITests.swift */,
				92CCF74222DBD06500192704 /* Info.plist */,
			);
			path = FunFactsUITests;
			sourceTree = "<group>";
		};
/* End PBXGroup section */

/* Begin PBXNativeTarget section */
		92CCF71C22DBD05F00192704 /* FunFacts */ = {
			isa = PBXNativeTarget;
			buildConfigurationList = 92CCF74522DBD06500192704 /* Build configuration list for PBXNativeTarget "FunFacts" */;
			buildPhases = (
				92CCF71922DBD05F00192704 /* Sources */,
				92CCF71A22DBD05F00192704 /* Frameworks */,
				92CCF71B22DBD05F00192704 /* Resources */,
			);
			buildRules = (
			);
			dependencies = (
			);
			name = FunFacts;
			productName = FunFacts;
			productReference = 92CCF71D22DBD05F00192704 /* FunFacts.app */;
			productType = "com.apple.product-type.application";
		};
		92CCF73022DBD06500192704 /* FunFactsTests */ = {
			isa = PBXNativeTarget;
			buildConfigurationList = 92CCF74822DBD06500192704 /* Build configuration list for PBXNativeTarget "FunFactsTests" */;
			buildPhases = (
				92CCF72D22DBD06500192704 /* Sources */,
				92CCF72E22DBD06500192704 /* Frameworks */,
				92CCF72F22DBD06500192704 /* Resources */,
			);
			buildRules = (
			);
			dependencies = (
				92CCF73322DBD06500192704 /* PBXTargetDependency */,
			);
			name = FunFactsTests;
			productName = FunFactsTests;
			productReference = 92CCF73122DBD06500192704 /* FunFactsTests.xctest */;
			productType = "com.apple.product-type.bundle.unit-test";
		};
		92CCF73B22DBD06500192704 /* FunFactsUITests */ = {
			isa = PBXNativeTarget;
			buildConfigurationList = 92CCF74B22DBD06500192704 /* Build configuration list for PBXNativeTarget "FunFactsUITests" */;
			buildPhases = (
				92CCF73822DBD06500192704 /* Sources */,
				92CCF73922DBD06500192704 /* Frameworks */,
				92CCF73A22DBD06500192704 /* Resources */,
			);
			buildRules = (
			);
			dependencies = (
				92CCF73E22DBD06500192704 /* PBXTargetDependency */,
			);
			name = FunFactsUITests;
			productName = FunFactsUITests;
			productReference = 92CCF73C22DBD06500192704 /* FunFactsUITests.xctest */;
			productType = "com.apple.product-type.bundle.ui-testing";
		};
/* End PBXNativeTarget section */

/* Begin PBXProject section */
		92CCF71522DBD05F00192704 /* Project object */ = {
			isa = PBXProject;
			attributes = {
				LastSwiftUpdateCheck = 1020;
				LastUpgradeCheck = 1020;
				ORGANIZATIONNAME = "Michael Reinders";
				TargetAttributes = {
					92CCF71C22DBD05F00192704 = {
						CreatedOnToolsVersion = 10.2.1;
					};
					92CCF73022DBD06500192704 = {
						CreatedOnToolsVersion = 10.2.1;
						TestTargetID = 92CCF71C22DBD05F00192704;
					};
					92CCF73B22DBD06500192704 = {
						CreatedOnToolsVersion = 10.2.1;
						TestTargetID = 92CCF71C22DBD05F00192704;
					};
				};
			};
			buildConfigurationList = 92CCF71822DBD05F00192704 /* Build configuration list for PBXProject "FunFacts" */;
			compatibilityVersion = "Xcode 9.3";
			developmentRegion = en;
			hasScannedForEncodings = 0;
			knownRegions = (
				en,
				Base,
			);
			mainGroup = 92CCF71422DBD05F00192704;
			productRefGroup = 92CCF71E22DBD05F00192704 /* Products */;
			projectDirPath = "";
			projectRoot = "";
			targets = (
				92CCF71C22DBD05F00192704 /* FunFacts */,
				92CCF73022DBD06500192704 /* FunFactsTests */,
				92CCF73B22DBD06500192704 /* FunFactsUITests */,
			);
		};
/* End PBXProject section */

/* Begin PBXResourcesBuildPhase section */
		92CCF71B22DBD05F00192704 /* Resources */ = {
			isa = PBXResourcesBuildPhase;
			buildActionMask = 2147483647;
			files = (
				92CCF72B22DBD06500192704 /* LaunchScreen.storyboard in Resources */,
				92CCF72822DBD06500192704 /* Assets.xcassets in Resources */,
				92CCF72622DBD05F00192704 /* Main.storyboard in Resources */,
			);
			runOnlyForDeploymentPostprocessing = 0;
		};
		92CCF72F22DBD06500192704 /* Resources */ = {
			isa = PBXResourcesBuildPhase;
			buildActionMask = 2147483647;
			files = (
			);
			runOnlyForDeploymentPostprocessing = 0;
		};
		92CCF73A22DBD06500192704 /* Resources */ = {
			isa = PBXResourcesBuildPhase;
			buildActionMask = 2147483647;
			files = (
			);
			runOnlyForDeploymentPostprocessing = 0;
		};
/* End PBXResourcesBuildPhase section */

/* Begin PBXSourcesBuildPhase section */
		92CCF71922DBD05F00192704 /* Sources */ = {
			isa = PBXSourcesBuildPhase;
			buildActionMask = 2147483647;
			files = (
				92CCF72322DBD05F00192704 /* ViewController.swift in Sources */,
				92CCF72122DBD05F00192704 /* AppDelegate.swift in Sources */,
				92CCF74F22DBD91600192704 /* FactProvider.swift in Sources */,
			);
			runOnlyForDeploymentPostprocessing = 0;
		};
		92CCF72D22DBD06500192704 /* Sources */ = {
			isa = PBXSourcesBuildPhase;
			buildActionMask = 2147483647;
			files = (
				92CCF73622DBD06500192704 /* FunFactsTests.swift in Sources */,
			);
			runOnlyForDeploymentPostprocessing = 0;
		};
		92CCF73822DBD06500192704 /* Sources */ = {
			isa = PBXSourcesBuildPhase;
			buildActionMask = 2147483647;
			files = (
				92CCF74122DBD06500192704 /* FunFactsUITests.swift in Sources */,
			);
			runOnlyForDeploymentPostprocessing = 0;
		};
/* End PBXSourcesBuildPhase section */

/* Begin PBXTargetDependency section */
		92CCF73322DBD06500192704 /* PBXTargetDependency */ = {
			isa = PBXTargetDependency;
			target = 92CCF71C22DBD05F00192704 /* FunFacts */;
			targetProxy = 92CCF73222DBD06500192704 /* PBXContainerItemProxy */;
		};
		92CCF73E22DBD06500192704 /* PBXTargetDependency */ = {
			isa = PBXTargetDependency;
			target = 92CCF71C22DBD05F00192704 /* FunFacts */;
			targetProxy = 92CCF73D22DBD06500192704 /* PBXContainerItemProxy */;
		};
/* End PBXTargetDependency section */

/* Begin PBXVariantGroup section */
		92CCF72422DBD05F00192704 /* Main.storyboard */ = {
			isa = PBXVariantGroup;
			children = (
				92CCF72522DBD05F00192704 /* Base */,
			);
			name = Main.storyboard;
			sourceTree = "<group>";
		};
		92CCF72922DBD06500192704 /* LaunchScreen.storyboard */ = {
			isa = PBXVariantGroup;
			children = (
				92CCF72A22DBD06500192704 /* Base */,
			);
			name = LaunchScreen.storyboard;
			sourceTree = "<group>";
		};
/* End PBXVariantGroup section */

/* Begin XCBuildConfiguration section */
		92CCF74322DBD06500192704 /* Debug */ = {
			isa = XCBuildConfiguration;
			buildSettings = {
				ALWAYS_SEARCH_USER_PATHS = NO;
				CLANG_ANALYZER_NONNULL = YES;
				CLANG_ANALYZER_NUMBER_OBJECT_CONVERSION = YES_AGGRESSIVE;
				CLANG_CXX_LANGUAGE_STANDARD = "gnu++14";
				CLANG_CXX_LIBRARY = "libc++";
				CLANG_ENABLE_MODULES = YES;
				CLANG_ENABLE_OBJC_ARC = YES;
				CLANG_ENABLE_OBJC_WEAK = YES;
				CLANG_WARN_BLOCK_CAPTURE_AUTORELEASING = YES;
				CLANG_WARN_BOOL_CONVERSION = YES;
				CLANG_WARN_COMMA = YES;
				CLANG_WARN_CONSTANT_CONVERSION = YES;
				CLANG_WARN_DEPRECATED_OBJC_IMPLEMENTATIONS = YES;
				CLANG_WARN_DIRECT_OBJC_ISA_USAGE = YES_ERROR;
				CLANG_WARN_DOCUMENTATION_COMMENTS = YES;
				CLANG_WARN_EMPTY_BODY = YES;
				CLANG_WARN_ENUM_CONVERSION = YES;
				CLANG_WARN_INFINITE_RECURSION = YES;
				CLANG_WARN_INT_CONVERSION = YES;
				CLANG_WARN_NON_LITERAL_NULL_CONVERSION = YES;
				CLANG_WARN_OBJC_IMPLICIT_RETAIN_SELF = YES;
				CLANG_WARN_OBJC_LITERAL_CONVERSION = YES;
				CLANG_WARN_OBJC_ROOT_CLASS = YES_ERROR;
				CLANG_WARN_RANGE_LOOP_ANALYSIS = YES;
				CLANG_WARN_STRICT_PROTOTYPES = YES;
				CLANG_WARN_SUSPICIOUS_MOVE = YES;
				CLANG_WARN_UNGUARDED_AVAILABILITY = YES_AGGRESSIVE;
				CLANG_WARN_UNREACHABLE_CODE = YES;
				CLANG_WARN__DUPLICATE_METHOD_MATCH = YES;
				CODE_SIGN_IDENTITY = "iPhone Developer";
				COPY_PHASE_STRIP = NO;
				DEBUG_INFORMATION_FORMAT = dwarf;
				ENABLE_STRICT_OBJC_MSGSEND = YES;
				ENABLE_TESTABILITY = YES;
				GCC_C_LANGUAGE_STANDARD = gnu11;
				GCC_DYNAMIC_NO_PIC = NO;
				GCC_NO_COMMON_BLOCKS = YES;
				GCC_OPTIMIZATION_LEVEL = 0;
				GCC_PREPROCESSOR_DEFINITIONS = (
					"DEBUG=1",
					"$(inherited)",
				);
				GCC_WARN_64_TO_32_BIT_CONVERSION = YES;
				GCC_WARN_ABOUT_RETURN_TYPE = YES_ERROR;
				GCC_WARN_UNDECLARED_SELECTOR = YES;
				GCC_WARN_UNINITIALIZED_AUTOS = YES_AGGRESSIVE;
				GCC_WARN_UNUSED_FUNCTION = YES;
				GCC_WARN_UNUSED_VARIABLE = YES;
				IPHONEOS_DEPLOYMENT_TARGET = 12.2;
				MTL_ENABLE_DEBUG_INFO = INCLUDE_SOURCE;
				MTL_FAST_MATH = YES;
				ONLY_ACTIVE_ARCH = YES;
				SDKROOT = iphoneos;
				SWIFT_ACTIVE_COMPILATION_CONDITIONS = DEBUG;
				SWIFT_OPTIMIZATION_LEVEL = "-Onone";
			};
			name = Debug;
		};
		92CCF74422DBD06500192704 /* Release */ = {
			isa = XCBuildConfiguration;
			buildSettings = {
				ALWAYS_SEARCH_USER_PATHS = NO;
				CLANG_ANALYZER_NONNULL = YES;
				CLANG_ANALYZER_NUMBER_OBJECT_CONVERSION = YES_AGGRESSIVE;
				CLANG_CXX_LANGUAGE_STANDARD = "gnu++14";
				CLANG_CXX_LIBRARY = "libc++";
				CLANG_ENABLE_MODULES = YES;
				CLANG_ENABLE_OBJC_ARC = YES;
				CLANG_ENABLE_OBJC_WEAK = YES;
				CLANG_WARN_BLOCK_CAPTURE_AUTORELEASING = YES;
				CLANG_WARN_BOOL_CONVERSION = YES;
				CLANG_WARN_COMMA = YES;
				CLANG_WARN_CONSTANT_CONVERSION = YES;
				CLANG_WARN_DEPRECATED_OBJC_IMPLEMENTATIONS = YES;
				CLANG_WARN_DIRECT_OBJC_ISA_USAGE = YES_ERROR;
				CLANG_WARN_DOCUMENTATION_COMMENTS = YES;
				CLANG_WARN_EMPTY_BODY = YES;
				CLANG_WARN_ENUM_CONVERSION = YES;
				CLANG_WARN_INFINITE_RECURSION = YES;
				CLANG_WARN_INT_CONVERSION = YES;
				CLANG_WARN_NON_LITERAL_NULL_CONVERSION = YES;
				CLANG_WARN_OBJC_IMPLICIT_RETAIN_SELF = YES;
				CLANG_WARN_OBJC_LITERAL_CONVERSION = YES;
				CLANG_WARN_OBJC_ROOT_CLASS = YES_ERROR;
				CLANG_WARN_RANGE_LOOP_ANALYSIS = YES;
				CLANG_WARN_STRICT_PROTOTYPES = YES;
				CLANG_WARN_SUSPICIOUS_MOVE = YES;
				CLANG_WARN_UNGUARDED_AVAILABILITY = YES_AGGRESSIVE;
				CLANG_WARN_UNREACHABLE_CODE = YES;
				CLANG_WARN__DUPLICATE_METHOD_MATCH = YES;
				CODE_SIGN_IDENTITY = "iPhone Developer";
				COPY_PHASE_STRIP = NO;
				DEBUG_INFORMATION_FORMAT = "dwarf-with-dsym";
				ENABLE_NS_ASSERTIONS = NO;
				ENABLE_STRICT_OBJC_MSGSEND = YES;
				GCC_C_LANGUAGE_STANDARD = gnu11;
				GCC_NO_COMMON_BLOCKS = YES;
				GCC_WARN_64_TO_32_BIT_CONVERSION = YES;
				GCC_WARN_ABOUT_RETURN_TYPE = YES_ERROR;
				GCC_WARN_UNDECLARED_SELECTOR = YES;
				GCC_WARN_UNINITIALIZED_AUTOS = YES_AGGRESSIVE;
				GCC_WARN_UNUSED_FUNCTION = YES;
				GCC_WARN_UNUSED_VARIABLE = YES;
				IPHONEOS_DEPLOYMENT_TARGET = 12.2;
				MTL_ENABLE_DEBUG_INFO = NO;
				MTL_FAST_MATH = YES;
				SDKROOT = iphoneos;
				SWIFT_COMPILATION_MODE = wholemodule;
				SWIFT_OPTIMIZATION_LEVEL = "-O";
				VALIDATE_PRODUCT = YES;
			};
			name = Release;
		};
		92CCF74622DBD06500192704 /* Debug */ = {
			isa = XCBuildConfiguration;
			buildSettings = {
				ASSETCATALOG_COMPILER_APPICON_NAME = AppIcon;
				CODE_SIGN_STYLE = Automatic;
				DEVELOPMENT_TEAM = MPZ363GZHF;
				INFOPLIST_FILE = FunFacts/Info.plist;
				LD_RUNPATH_SEARCH_PATHS = (
					"$(inherited)",
					"@executable_path/Frameworks",
				);
				PRODUCT_BUNDLE_IDENTIFIER = "com.michael-reinders.FunFacts";
				PRODUCT_NAME = "$(TARGET_NAME)";
				SWIFT_VERSION = 5.0;
				TARGETED_DEVICE_FAMILY = "1,2";
			};
			name = Debug;
		};
		92CCF74722DBD06500192704 /* Release */ = {
			isa = XCBuildConfiguration;
			buildSettings = {
				ASSETCATALOG_COMPILER_APPICON_NAME = AppIcon;
				CODE_SIGN_STYLE = Automatic;
				DEVELOPMENT_TEAM = MPZ363GZHF;
				INFOPLIST_FILE = FunFacts/Info.plist;
				LD_RUNPATH_SEARCH_PATHS = (
					"$(inherited)",
					"@executable_path/Frameworks",
				);
				PRODUCT_BUNDLE_IDENTIFIER = "com.michael-reinders.FunFacts";
				PRODUCT_NAME = "$(TARGET_NAME)";
				SWIFT_VERSION = 5.0;
				TARGETED_DEVICE_FAMILY = "1,2";
			};
			name = Release;
		};
		92CCF74922DBD06500192704 /* Debug */ = {
			isa = XCBuildConfiguration;
			buildSettings = {
				ALWAYS_EMBED_SWIFT_STANDARD_LIBRARIES = YES;
				BUNDLE_LOADER = "$(TEST_HOST)";
				CODE_SIGN_STYLE = Automatic;
				DEVELOPMENT_TEAM = MPZ363GZHF;
				INFOPLIST_FILE = FunFactsTests/Info.plist;
				LD_RUNPATH_SEARCH_PATHS = (
					"$(inherited)",
					"@executable_path/Frameworks",
					"@loader_path/Frameworks",
				);
				PRODUCT_BUNDLE_IDENTIFIER = "com.michael-reinders.FunFactsTests";
				PRODUCT_NAME = "$(TARGET_NAME)";
				SWIFT_VERSION = 5.0;
				TARGETED_DEVICE_FAMILY = "1,2";
				TEST_HOST = "$(BUILT_PRODUCTS_DIR)/FunFacts.app/FunFacts";
			};
			name = Debug;
		};
		92CCF74A22DBD06500192704 /* Release */ = {
			isa = XCBuildConfiguration;
			buildSettings = {
				ALWAYS_EMBED_SWIFT_STANDARD_LIBRARIES = YES;
				BUNDLE_LOADER = "$(TEST_HOST)";
				CODE_SIGN_STYLE = Automatic;
				DEVELOPMENT_TEAM = MPZ363GZHF;
				INFOPLIST_FILE = FunFactsTests/Info.plist;
				LD_RUNPATH_SEARCH_PATHS = (
					"$(inherited)",
					"@executable_path/Frameworks",
					"@loader_path/Frameworks",
				);
				PRODUCT_BUNDLE_IDENTIFIER = "com.michael-reinders.FunFactsTests";
				PRODUCT_NAME = "$(TARGET_NAME)";
				SWIFT_VERSION = 5.0;
				TARGETED_DEVICE_FAMILY = "1,2";
				TEST_HOST = "$(BUILT_PRODUCTS_DIR)/FunFacts.app/FunFacts";
			};
			name = Release;
		};
		92CCF74C22DBD06500192704 /* Debug */ = {
			isa = XCBuildConfiguration;
			buildSettings = {
				ALWAYS_EMBED_SWIFT_STANDARD_LIBRARIES = YES;
				CODE_SIGN_STYLE = Automatic;
				DEVELOPMENT_TEAM = MPZ363GZHF;
				INFOPLIST_FILE = FunFactsUITests/Info.plist;
				LD_RUNPATH_SEARCH_PATHS = (
					"$(inherited)",
					"@executable_path/Frameworks",
					"@loader_path/Frameworks",
				);
				PRODUCT_BUNDLE_IDENTIFIER = "com.michael-reinders.FunFactsUITests";
				PRODUCT_NAME = "$(TARGET_NAME)";
				SWIFT_VERSION = 5.0;
				TARGETED_DEVICE_FAMILY = "1,2";
				TEST_TARGET_NAME = FunFacts;
			};
			name = Debug;
		};
		92CCF74D22DBD06500192704 /* Release */ = {
			isa = XCBuildConfiguration;
			buildSettings = {
				ALWAYS_EMBED_SWIFT_STANDARD_LIBRARIES = YES;
				CODE_SIGN_STYLE = Automatic;
				DEVELOPMENT_TEAM = MPZ363GZHF;
				INFOPLIST_FILE = FunFactsUITests/Info.plist;
				LD_RUNPATH_SEARCH_PATHS = (
					"$(inherited)",
					"@executable_path/Frameworks",
					"@loader_path/Frameworks",
				);
				PRODUCT_BUNDLE_IDENTIFIER = "com.michael-reinders.FunFactsUITests";
				PRODUCT_NAME = "$(TARGET_NAME)";
				SWIFT_VERSION = 5.0;
				TARGETED_DEVICE_FAMILY = "1,2";
				TEST_TARGET_NAME = FunFacts;
			};
			name = Release;
		};
/* End XCBuildConfiguration section */

/* Begin XCConfigurationList section */
		92CCF71822DBD05F00192704 /* Build configuration list for PBXProject "FunFacts" */ = {
			isa = XCConfigurationList;
			buildConfigurations = (
				92CCF74322DBD06500192704 /* Debug */,
				92CCF74422DBD06500192704 /* Release */,
			);
			defaultConfigurationIsVisible = 0;
			defaultConfigurationName = Release;
		};
		92CCF74522DBD06500192704 /* Build configuration list for PBXNativeTarget "FunFacts" */ = {
			isa = XCConfigurationList;
			buildConfigurations = (
				92CCF74622DBD06500192704 /* Debug */,
				92CCF74722DBD06500192704 /* Release */,
			);
			defaultConfigurationIsVisible = 0;
			defaultConfigurationName = Release;
		};
		92CCF74822DBD06500192704 /* Build configuration list for PBXNativeTarget "FunFactsTests" */ = {
			isa = XCConfigurationList;
			buildConfigurations = (
				92CCF74922DBD06500192704 /* Debug */,
				92CCF74A22DBD06500192704 /* Release */,
			);
			defaultConfigurationIsVisible = 0;
			defaultConfigurationName = Release;
		};
		92CCF74B22DBD06500192704 /* Build configuration list for PBXNativeTarget "FunFactsUITests" */ = {
			isa = XCConfigurationList;
			buildConfigurations = (
				92CCF74C22DBD06500192704 /* Debug */,
				92CCF74D22DBD06500192704 /* Release */,
			);
			defaultConfigurationIsVisible = 0;
			defaultConfigurationName = Release;
		};
/* End XCConfigurationList section */
	};
	rootObject = 92CCF71522DBD05F00192704 /* Project object */;
}
